
Microsoft Visual Studio Solution File, Format Version 12.00
# Visual Studio Version 17
VisualStudioVersion = 17.10.35027.167
MinimumVisualStudioVersion = 10.0.40219.1
Project("{9A19103F-16F7-4668-BE54-9A1E7A4F7556}") = "OpenAPIEnvelope", "OpenAPIEnvelope.csproj", "{07326C7E-0DF2-4BA3-89A0-9F5CF11F51A3}"
EndProject
Global
	GlobalSection(SolutionConfigurationPlatforms) = preSolution
		Debug|Any CPU = Debug|Any CPU
		Release|Any CPU = Release|Any CPU
	EndGlobalSection
	GlobalSection(ProjectConfigurationPlatforms) = postSolution
		{07326C7E-0DF2-4BA3-89A0-9F5CF11F51A3}.Debug|Any CPU.ActiveCfg = Debug|Any CPU
		{07326C7E-0DF2-4BA3-89A0-9F5CF11F51A3}.Debug|Any CPU.Build.0 = Debug|Any CPU
		{07326C7E-0DF2-4BA3-89A0-9F5CF11F51A3}.Release|Any CPU.ActiveCfg = Release|Any CPU
		{07326C7E-0DF2-4BA3-89A0-9F5CF11F51A3}.Release|Any CPU.Build.0 = Release|Any CPU
	EndGlobalSection
	GlobalSection(SolutionProperties) = preSolution
		HideSolutionNode = FALSE
	EndGlobalSection
	GlobalSection(ExtensibilityGlobals) = postSolution
		SolutionGuid = {C82788BB-108E-4526-A8C5-1C27C9BF8E35}
	EndGlobalSection
EndGlobal
